
Microsoft Visual Studio Solution File, Format Version 12.00
# Visual Studio 2013
VisualStudioVersion = 12.0.30501.0
MinimumVisualStudioVersion = 10.0.40219.1
Project("{D2ABAB84-BF74-430A-B69E-9DC6D40DDA17}") = "dmm", "dmm\dmm.dwproj", "{FF9C5C6D-06A3-4780-BBF4-D93F5306304C}"
EndProject
Global
	GlobalSection(SolutionConfigurationPlatforms) = preSolution
		Development|Default = Development|Default
	EndGlobalSection
	GlobalSection(ProjectConfigurationPlatforms) = postSolution
		{FF9C5C6D-06A3-4780-BBF4-D93F5306304C}.Development|Default.ActiveCfg = Development
		{FF9C5C6D-06A3-4780-BBF4-D93F5306304C}.Development|Default.Build.0 = Development
		{FF9C5C6D-06A3-4780-BBF4-D93F5306304C}.Development|Default.Deploy.0 = Development
	EndGlobalSection
	GlobalSection(SolutionProperties) = preSolution
		HideSolutionNode = FALSE
	EndGlobalSection
EndGlobal
